
Microsoft Visual Studio Solution File, Format Version 12.00
# Visual Studio 15
VisualStudioVersion = 15.0.26730.3
MinimumVisualStudioVersion = 10.0.40219.1
Project("{2150E333-8FDC-42A3-9474-1A3956D46DE8}") = "Solution Items", "Solution Items", "{8A6AB9B4-4873-475E-A5F8-341E0DAFDE7C}"
	ProjectSection(SolutionItems) = preProject
		.gitignore = .gitignore
		build.cake = build.cake
		build.cmd = build.cmd
		build.ps1 = build.ps1
		Concise.Steps.MSTest.nuspec = Concise.Steps.MSTest.nuspec
		Concise.Steps.nuspec = Concise.Steps.nuspec
		LICENSE = LICENSE
		README.md = README.md
		SolutionInfo.cs = SolutionInfo.cs
	EndProjectSection
EndProject
Project("{FAE04EC0-301F-11D3-BF4B-00C04F79EFBC}") = "Concise.Steps.DemoTests", "Concise.Steps.DemoTests\Concise.Steps.DemoTests.csproj", "{A404A2E4-DEF3-4C33-B040-6B809AEDB58D}"
EndProject
Project("{2150E333-8FDC-42A3-9474-1A3956D46DE8}") = "Main", "Main", "{3905D200-4A18-4FF0-9F76-0628F3C76DCE}"
EndProject
Project("{2150E333-8FDC-42A3-9474-1A3956D46DE8}") = "Unit Tests", "Unit Tests", "{22A774A3-AA2C-424D-B04F-DF36E67CF65A}"
EndProject
Project("{2150E333-8FDC-42A3-9474-1A3956D46DE8}") = "Demonstration Tests", "Demonstration Tests", "{BACDF195-4ED5-4EB5-BEE6-54C447A3B316}"
EndProject
Project("{9A19103F-16F7-4668-BE54-9A1E7A4F7556}") = "Concise.Steps.netstandard", "Concise.Steps.netstandard\Concise.Steps.netstandard.csproj", "{0A8E0006-55E4-458D-B8DA-632E510F9888}"
EndProject
Project("{9A19103F-16F7-4668-BE54-9A1E7A4F7556}") = "Concise.Steps.MSTest.netstandard", "Concise.Steps.MSTest.netstandard\Concise.Steps.MSTest.netstandard.csproj", "{1B931EF3-307C-4B25-8EB6-D8FF1CE0B08F}"
EndProject
Project("{D954291E-2A0B-460D-934E-DC6B0785DB48}") = "Concise.Steps.MSTest.UnitTests.shared", "Concise.Steps.MSTest.UnitTests.shared\Concise.Steps.MSTest.UnitTests.shared.shproj", "{D7E1EA3A-D46F-47D2-8BF9-2D0F77971B93}"
EndProject
Project("{FAE04EC0-301F-11D3-BF4B-00C04F79EFBC}") = "Concise.Steps.MSTest.UnitTests.netcore", "Concise.Steps.MSTest.UnitTests.netcore\Concise.Steps.MSTest.UnitTests.netcore.csproj", "{1F289EB0-F248-4CD4-89FD-CD1D38BAAC88}"
EndProject
Project("{FAE04EC0-301F-11D3-BF4B-00C04F79EFBC}") = "Concise.Steps.MSTest.UnitTests.net461", "Concise.Steps.MSTest.UnitTests.net461\Concise.Steps.MSTest.UnitTests.net461.csproj", "{B5EFC3C3-AA01-416A-A648-4B7C6731297A}"
EndProject
Global
	GlobalSection(SharedMSBuildProjectFiles) = preSolution
		Concise.Steps.MSTest.UnitTests.shared\Concise.Steps.MSTest.UnitTests.shared.projitems*{b5efc3c3-aa01-416a-a648-4b7c6731297a}*SharedItemsImports = 4
		Concise.Steps.MSTest.UnitTests.shared\Concise.Steps.MSTest.UnitTests.shared.projitems*{d7e1ea3a-d46f-47d2-8bf9-2d0f77971b93}*SharedItemsImports = 13
	EndGlobalSection
	GlobalSection(SolutionConfigurationPlatforms) = preSolution
		Debug|Any CPU = Debug|Any CPU
		Release|Any CPU = Release|Any CPU
	EndGlobalSection
	GlobalSection(ProjectConfigurationPlatforms) = postSolution
		{A404A2E4-DEF3-4C33-B040-6B809AEDB58D}.Debug|Any CPU.ActiveCfg = Debug|Any CPU
		{A404A2E4-DEF3-4C33-B040-6B809AEDB58D}.Debug|Any CPU.Build.0 = Debug|Any CPU
		{A404A2E4-DEF3-4C33-B040-6B809AEDB58D}.Release|Any CPU.ActiveCfg = Release|Any CPU
		{A404A2E4-DEF3-4C33-B040-6B809AEDB58D}.Release|Any CPU.Build.0 = Release|Any CPU
		{0A8E0006-55E4-458D-B8DA-632E510F9888}.Debug|Any CPU.ActiveCfg = Debug|Any CPU
		{0A8E0006-55E4-458D-B8DA-632E510F9888}.Debug|Any CPU.Build.0 = Debug|Any CPU
		{0A8E0006-55E4-458D-B8DA-632E510F9888}.Release|Any CPU.ActiveCfg = Release|Any CPU
		{0A8E0006-55E4-458D-B8DA-632E510F9888}.Release|Any CPU.Build.0 = Release|Any CPU
		{1B931EF3-307C-4B25-8EB6-D8FF1CE0B08F}.Debug|Any CPU.ActiveCfg = Debug|Any CPU
		{1B931EF3-307C-4B25-8EB6-D8FF1CE0B08F}.Debug|Any CPU.Build.0 = Debug|Any CPU
		{1B931EF3-307C-4B25-8EB6-D8FF1CE0B08F}.Release|Any CPU.ActiveCfg = Release|Any CPU
		{1B931EF3-307C-4B25-8EB6-D8FF1CE0B08F}.Release|Any CPU.Build.0 = Release|Any CPU
		{1F289EB0-F248-4CD4-89FD-CD1D38BAAC88}.Debug|Any CPU.ActiveCfg = Debug|Any CPU
		{1F289EB0-F248-4CD4-89FD-CD1D38BAAC88}.Debug|Any CPU.Build.0 = Debug|Any CPU
		{1F289EB0-F248-4CD4-89FD-CD1D38BAAC88}.Release|Any CPU.ActiveCfg = Release|Any CPU
		{1F289EB0-F248-4CD4-89FD-CD1D38BAAC88}.Release|Any CPU.Build.0 = Release|Any CPU
		{B5EFC3C3-AA01-416A-A648-4B7C6731297A}.Debug|Any CPU.ActiveCfg = Debug|Any CPU
		{B5EFC3C3-AA01-416A-A648-4B7C6731297A}.Debug|Any CPU.Build.0 = Debug|Any CPU
		{B5EFC3C3-AA01-416A-A648-4B7C6731297A}.Release|Any CPU.ActiveCfg = Release|Any CPU
		{B5EFC3C3-AA01-416A-A648-4B7C6731297A}.Release|Any CPU.Build.0 = Release|Any CPU
	EndGlobalSection
	GlobalSection(SolutionProperties) = preSolution
		HideSolutionNode = FALSE
	EndGlobalSection
	GlobalSection(NestedProjects) = preSolution
		{A404A2E4-DEF3-4C33-B040-6B809AEDB58D} = {BACDF195-4ED5-4EB5-BEE6-54C447A3B316}
		{0A8E0006-55E4-458D-B8DA-632E510F9888} = {3905D200-4A18-4FF0-9F76-0628F3C76DCE}
		{1B931EF3-307C-4B25-8EB6-D8FF1CE0B08F} = {3905D200-4A18-4FF0-9F76-0628F3C76DCE}
		{D7E1EA3A-D46F-47D2-8BF9-2D0F77971B93} = {22A774A3-AA2C-424D-B04F-DF36E67CF65A}
		{1F289EB0-F248-4CD4-89FD-CD1D38BAAC88} = {22A774A3-AA2C-424D-B04F-DF36E67CF65A}
		{B5EFC3C3-AA01-416A-A648-4B7C6731297A} = {22A774A3-AA2C-424D-B04F-DF36E67CF65A}
	EndGlobalSection
	GlobalSection(ExtensibilityGlobals) = postSolution
		SolutionGuid = {4AF44C07-EE63-47A8-B23D-16F9C035E895}
	EndGlobalSection
EndGlobal
