
Microsoft Visual Studio Solution File, Format Version 12.00
# Visual Studio 15
VisualStudioVersion = 15.0.26403.7
MinimumVisualStudioVersion = 10.0.40219.1
Project("{FAE04EC0-301F-11D3-BF4B-00C04F79EFBC}") = "Concise.Steps", "Concise.Steps\Concise.Steps.csproj", "{7EB92E00-4475-4451-AAD4-29AD686DA9B5}"
EndProject
Project("{2150E333-8FDC-42A3-9474-1A3956D46DE8}") = "Solution Items", "Solution Items", "{8A6AB9B4-4873-475E-A5F8-341E0DAFDE7C}"
	ProjectSection(SolutionItems) = preProject
		.gitignore = .gitignore
		LICENSE = LICENSE
		README.md = README.md
	EndProjectSection
EndProject
Global
	GlobalSection(SolutionConfigurationPlatforms) = preSolution
		Debug|Any CPU = Debug|Any CPU
		Release|Any CPU = Release|Any CPU
	EndGlobalSection
	GlobalSection(ProjectConfigurationPlatforms) = postSolution
		{7EB92E00-4475-4451-AAD4-29AD686DA9B5}.Debug|Any CPU.ActiveCfg = Debug|Any CPU
		{7EB92E00-4475-4451-AAD4-29AD686DA9B5}.Debug|Any CPU.Build.0 = Debug|Any CPU
		{7EB92E00-4475-4451-AAD4-29AD686DA9B5}.Release|Any CPU.ActiveCfg = Release|Any CPU
		{7EB92E00-4475-4451-AAD4-29AD686DA9B5}.Release|Any CPU.Build.0 = Release|Any CPU
	EndGlobalSection
	GlobalSection(SolutionProperties) = preSolution
		HideSolutionNode = FALSE
	EndGlobalSection
EndGlobal
